
Microsoft Visual Studio Solution File, Format Version 12.00
# Visual Studio Version 17
VisualStudioVersion = 17.8.34408.163
MinimumVisualStudioVersion = 10.0.40219.1
Project("{8BC9CEB8-8B4A-11D0-8D11-00A0C91BC942}") = "learn-c", "learn-c\learn-c.vcxproj", "{DA1DEE54-C19E-41CF-B8DC-930DAB8ABE13}"
EndProject
Global
	GlobalSection(SolutionConfigurationPlatforms) = preSolution
		Debug|x64 = Debug|x64
		Debug|x86 = Debug|x86
		Release|x64 = Release|x64
		Release|x86 = Release|x86
	EndGlobalSection
	GlobalSection(ProjectConfigurationPlatforms) = postSolution
		{DA1DEE54-C19E-41CF-B8DC-930DAB8ABE13}.Debug|x64.ActiveCfg = Debug|x64
		{DA1DEE54-C19E-41CF-B8DC-930DAB8ABE13}.Debug|x64.Build.0 = Debug|x64
		{DA1DEE54-C19E-41CF-B8DC-930DAB8ABE13}.Debug|x86.ActiveCfg = Debug|Win32
		{DA1DEE54-C19E-41CF-B8DC-930DAB8ABE13}.Debug|x86.Build.0 = Debug|Win32
		{DA1DEE54-C19E-41CF-B8DC-930DAB8ABE13}.Release|x64.ActiveCfg = Release|x64
		{DA1DEE54-C19E-41CF-B8DC-930DAB8ABE13}.Release|x64.Build.0 = Release|x64
		{DA1DEE54-C19E-41CF-B8DC-930DAB8ABE13}.Release|x86.ActiveCfg = Release|Win32
		{DA1DEE54-C19E-41CF-B8DC-930DAB8ABE13}.Release|x86.Build.0 = Release|Win32
	EndGlobalSection
	GlobalSection(SolutionProperties) = preSolution
		HideSolutionNode = FALSE
	EndGlobalSection
	GlobalSection(ExtensibilityGlobals) = postSolution
		SolutionGuid = {8A2CD450-E6BC-4DE9-9066-0837161161CF}
	EndGlobalSection
EndGlobal
